// !$*UTF8*$!
{
	archiveVersion = 1;
	classes = {
	};
	objectVersion = 46;
	objects = {

/* Begin PBXBuildFile section */
		505939ED17336B2D0044A6FE /* UIKit.framework in Frameworks */ = {isa = PBXBuildFile; fileRef = 505939EC17336B2D0044A6FE /* UIKit.framework */; };
		505939EF17336B2D0044A6FE /* Foundation.framework in Frameworks */ = {isa = PBXBuildFile; fileRef = 505939EE17336B2D0044A6FE /* Foundation.framework */; };
		505939F117336B2D0044A6FE /* CoreGraphics.framework in Frameworks */ = {isa = PBXBuildFile; fileRef = 505939F017336B2D0044A6FE /* CoreGraphics.framework */; };
		505939F717336B2D0044A6FE /* InfoPlist.strings in Resources */ = {isa = PBXBuildFile; fileRef = 505939F517336B2D0044A6FE /* InfoPlist.strings */; };
		505939F917336B2D0044A6FE /* main.m in Sources */ = {isa = PBXBuildFile; fileRef = 505939F817336B2D0044A6FE /* main.m */; };
		505939FD17336B2D0044A6FE /* AppDelegate.m in Sources */ = {isa = PBXBuildFile; fileRef = 505939FC17336B2D0044A6FE /* AppDelegate.m */; };
		505939FF17336B2D0044A6FE /* Default.png in Resources */ = {isa = PBXBuildFile; fileRef = 505939FE17336B2D0044A6FE /* Default.png */; };
		50593A0117336B2D0044A6FE /* Default@2x.png in Resources */ = {isa = PBXBuildFile; fileRef = 50593A0017336B2D0044A6FE /* Default@2x.png */; };
		50593A0317336B2D0044A6FE /* Default-568h@2x.png in Resources */ = {isa = PBXBuildFile; fileRef = 50593A0217336B2D0044A6FE /* Default-568h@2x.png */; };
		50593A0617336B2D0044A6FE /* ViewController.m in Sources */ = {isa = PBXBuildFile; fileRef = 50593A0517336B2D0044A6FE /* ViewController.m */; };
		50593A0917336B2D0044A6FE /* ViewController.xib in Resources */ = {isa = PBXBuildFile; fileRef = 50593A0717336B2D0044A6FE /* ViewController.xib */; };
		50593A171733A0320044A6FE /* UIKit.framework in Frameworks */ = {isa = PBXBuildFile; fileRef = 505939EC17336B2D0044A6FE /* UIKit.framework */; };
		50593A181733A0320044A6FE /* Foundation.framework in Frameworks */ = {isa = PBXBuildFile; fileRef = 505939EE17336B2D0044A6FE /* Foundation.framework */; };
		50593A1E1733A0320044A6FE /* InfoPlist.strings in Resources */ = {isa = PBXBuildFile; fileRef = 50593A1C1733A0320044A6FE /* InfoPlist.strings */; };
		50593A211733A0320044A6FE /* TeckTalkLogicTests.m in Sources */ = {isa = PBXBuildFile; fileRef = 50593A201733A0320044A6FE /* TeckTalkLogicTests.m */; };
		50593A271733A2390044A6FE /* SenTestingKit.framework in Frameworks */ = {isa = PBXBuildFile; fileRef = 50593A261733A2390044A6FE /* SenTestingKit.framework */; };
		50593A2A1733A7B50044A6FE /* MyTest.m in Sources */ = {isa = PBXBuildFile; fileRef = 50593A291733A7B50044A6FE /* MyTest.m */; };
/* End PBXBuildFile section */

/* Begin PBXFileReference section */
		505939E917336B2D0044A6FE /* TechTalkTest1.app */ = {isa = PBXFileReference; explicitFileType = wrapper.application; includeInIndex = 0; path = TechTalkTest1.app; sourceTree = BUILT_PRODUCTS_DIR; };
		505939EC17336B2D0044A6FE /* UIKit.framework */ = {isa = PBXFileReference; lastKnownFileType = wrapper.framework; name = UIKit.framework; path = System/Library/Frameworks/UIKit.framework; sourceTree = SDKROOT; };
		505939EE17336B2D0044A6FE /* Foundation.framework */ = {isa = PBXFileReference; lastKnownFileType = wrapper.framework; name = Foundation.framework; path = System/Library/Frameworks/Foundation.framework; sourceTree = SDKROOT; };
		505939F017336B2D0044A6FE /* CoreGraphics.framework */ = {isa = PBXFileReference; lastKnownFileType = wrapper.framework; name = CoreGraphics.framework; path = System/Library/Frameworks/CoreGraphics.framework; sourceTree = SDKROOT; };
		505939F417336B2D0044A6FE /* TechTalkTest1-Info.plist */ = {isa = PBXFileReference; lastKnownFileType = text.plist.xml; path = "TechTalkTest1-Info.plist"; sourceTree = "<group>"; };
		505939F617336B2D0044A6FE /* en */ = {isa = PBXFileReference; lastKnownFileType = text.plist.strings; name = en; path = en.lproj/InfoPlist.strings; sourceTree = "<group>"; };
		505939F817336B2D0044A6FE /* main.m */ = {isa = PBXFileReference; lastKnownFileType = sourcecode.c.objc; path = main.m; sourceTree = "<group>"; };
		505939FA17336B2D0044A6FE /* TechTalkTest1-Prefix.pch */ = {isa = PBXFileReference; lastKnownFileType = sourcecode.c.h; path = "TechTalkTest1-Prefix.pch"; sourceTree = "<group>"; };
		505939FB17336B2D0044A6FE /* AppDelegate.h */ = {isa = PBXFileReference; lastKnownFileType = sourcecode.c.h; path = AppDelegate.h; sourceTree = "<group>"; };
		505939FC17336B2D0044A6FE /* AppDelegate.m */ = {isa = PBXFileReference; lastKnownFileType = sourcecode.c.objc; path = AppDelegate.m; sourceTree = "<group>"; };
		505939FE17336B2D0044A6FE /* Default.png */ = {isa = PBXFileReference; lastKnownFileType = image.png; path = Default.png; sourceTree = "<group>"; };
		50593A0017336B2D0044A6FE /* Default@2x.png */ = {isa = PBXFileReference; lastKnownFileType = image.png; path = "Default@2x.png"; sourceTree = "<group>"; };
		50593A0217336B2D0044A6FE /* Default-568h@2x.png */ = {isa = PBXFileReference; lastKnownFileType = image.png; path = "Default-568h@2x.png"; sourceTree = "<group>"; };
		50593A0417336B2D0044A6FE /* ViewController.h */ = {isa = PBXFileReference; lastKnownFileType = sourcecode.c.h; path = ViewController.h; sourceTree = "<group>"; };
		50593A0517336B2D0044A6FE /* ViewController.m */ = {isa = PBXFileReference; lastKnownFileType = sourcecode.c.objc; path = ViewController.m; sourceTree = "<group>"; };
		50593A0817336B2D0044A6FE /* en */ = {isa = PBXFileReference; lastKnownFileType = file.xib; name = en; path = en.lproj/ViewController.xib; sourceTree = "<group>"; };
		50593A141733A0310044A6FE /* TeckTalkLogicTests.octest */ = {isa = PBXFileReference; explicitFileType = wrapper.cfbundle; includeInIndex = 0; path = TeckTalkLogicTests.octest; sourceTree = BUILT_PRODUCTS_DIR; };
		50593A151733A0320044A6FE /* SenTestingKit.framework */ = {isa = PBXFileReference; lastKnownFileType = wrapper.framework; name = SenTestingKit.framework; path = Library/Frameworks/SenTestingKit.framework; sourceTree = DEVELOPER_DIR; };
		50593A1B1733A0320044A6FE /* TeckTalkLogicTests-Info.plist */ = {isa = PBXFileReference; lastKnownFileType = text.plist.xml; path = "TeckTalkLogicTests-Info.plist"; sourceTree = "<group>"; };
		50593A1D1733A0320044A6FE /* en */ = {isa = PBXFileReference; lastKnownFileType = text.plist.strings; name = en; path = en.lproj/InfoPlist.strings; sourceTree = "<group>"; };
		50593A1F1733A0320044A6FE /* TeckTalkLogicTests.h */ = {isa = PBXFileReference; lastKnownFileType = sourcecode.c.h; path = TeckTalkLogicTests.h; sourceTree = "<group>"; };
		50593A201733A0320044A6FE /* TeckTalkLogicTests.m */ = {isa = PBXFileReference; lastKnownFileType = sourcecode.c.objc; path = TeckTalkLogicTests.m; sourceTree = "<group>"; };
		50593A221733A0320044A6FE /* TeckTalkLogicTests-Prefix.pch */ = {isa = PBXFileReference; lastKnownFileType = sourcecode.c.h; path = "TeckTalkLogicTests-Prefix.pch"; sourceTree = "<group>"; };
		50593A261733A2390044A6FE /* SenTestingKit.framework */ = {isa = PBXFileReference; lastKnownFileType = wrapper.framework; name = SenTestingKit.framework; path = Library/Frameworks/SenTestingKit.framework; sourceTree = DEVELOPER_DIR; };
		50593A281733A7B50044A6FE /* MyTest.h */ = {isa = PBXFileReference; fileEncoding = 4; lastKnownFileType = sourcecode.c.h; path = MyTest.h; sourceTree = "<group>"; };
		50593A291733A7B50044A6FE /* MyTest.m */ = {isa = PBXFileReference; fileEncoding = 4; lastKnownFileType = sourcecode.c.objc; path = MyTest.m; sourceTree = "<group>"; };
/* End PBXFileReference section */

/* Begin PBXFrameworksBuildPhase section */
		505939E617336B2D0044A6FE /* Frameworks */ = {
			isa = PBXFrameworksBuildPhase;
			buildActionMask = 2147483647;
			files = (
				505939ED17336B2D0044A6FE /* UIKit.framework in Frameworks */,
				505939EF17336B2D0044A6FE /* Foundation.framework in Frameworks */,
				505939F117336B2D0044A6FE /* CoreGraphics.framework in Frameworks */,
			);
			runOnlyForDeploymentPostprocessing = 0;
		};
		50593A101733A0310044A6FE /* Frameworks */ = {
			isa = PBXFrameworksBuildPhase;
			buildActionMask = 2147483647;
			files = (
				50593A271733A2390044A6FE /* SenTestingKit.framework in Frameworks */,
				50593A171733A0320044A6FE /* UIKit.framework in Frameworks */,
				50593A181733A0320044A6FE /* Foundation.framework in Frameworks */,
			);
			runOnlyForDeploymentPostprocessing = 0;
		};
/* End PBXFrameworksBuildPhase section */

/* Begin PBXGroup section */
		505939E017336B2D0044A6FE = {
			isa = PBXGroup;
			children = (
				505939F217336B2D0044A6FE /* TechTalkTest1 */,
				50593A191733A0320044A6FE /* TeckTalkLogicTests */,
				505939EB17336B2D0044A6FE /* Frameworks */,
				505939EA17336B2D0044A6FE /* Products */,
			);
			sourceTree = "<group>";
		};
		505939EA17336B2D0044A6FE /* Products */ = {
			isa = PBXGroup;
			children = (
				505939E917336B2D0044A6FE /* TechTalkTest1.app */,
				50593A141733A0310044A6FE /* TeckTalkLogicTests.octest */,
			);
			name = Products;
			sourceTree = "<group>";
		};
		505939EB17336B2D0044A6FE /* Frameworks */ = {
			isa = PBXGroup;
			children = (
				50593A261733A2390044A6FE /* SenTestingKit.framework */,
				505939EC17336B2D0044A6FE /* UIKit.framework */,
				505939EE17336B2D0044A6FE /* Foundation.framework */,
				505939F017336B2D0044A6FE /* CoreGraphics.framework */,
				50593A151733A0320044A6FE /* SenTestingKit.framework */,
			);
			name = Frameworks;
			sourceTree = "<group>";
		};
		505939F217336B2D0044A6FE /* TechTalkTest1 */ = {
			isa = PBXGroup;
			children = (
				505939FB17336B2D0044A6FE /* AppDelegate.h */,
				505939FC17336B2D0044A6FE /* AppDelegate.m */,
				50593A0417336B2D0044A6FE /* ViewController.h */,
				50593A0517336B2D0044A6FE /* ViewController.m */,
				50593A0717336B2D0044A6FE /* ViewController.xib */,
				505939F317336B2D0044A6FE /* Supporting Files */,
			);
			path = TechTalkTest1;
			sourceTree = "<group>";
		};
		505939F317336B2D0044A6FE /* Supporting Files */ = {
			isa = PBXGroup;
			children = (
				505939F417336B2D0044A6FE /* TechTalkTest1-Info.plist */,
				505939F517336B2D0044A6FE /* InfoPlist.strings */,
				505939F817336B2D0044A6FE /* main.m */,
				505939FA17336B2D0044A6FE /* TechTalkTest1-Prefix.pch */,
				505939FE17336B2D0044A6FE /* Default.png */,
				50593A0017336B2D0044A6FE /* Default@2x.png */,
				50593A0217336B2D0044A6FE /* Default-568h@2x.png */,
			);
			name = "Supporting Files";
			sourceTree = "<group>";
		};
		50593A191733A0320044A6FE /* TeckTalkLogicTests */ = {
			isa = PBXGroup;
			children = (
				50593A1F1733A0320044A6FE /* TeckTalkLogicTests.h */,
				50593A201733A0320044A6FE /* TeckTalkLogicTests.m */,
				50593A281733A7B50044A6FE /* MyTest.h */,
				50593A291733A7B50044A6FE /* MyTest.m */,
				50593A1A1733A0320044A6FE /* Supporting Files */,
			);
			path = TeckTalkLogicTests;
			sourceTree = "<group>";
		};
		50593A1A1733A0320044A6FE /* Supporting Files */ = {
			isa = PBXGroup;
			children = (
				50593A1B1733A0320044A6FE /* TeckTalkLogicTests-Info.plist */,
				50593A1C1733A0320044A6FE /* InfoPlist.strings */,
				50593A221733A0320044A6FE /* TeckTalkLogicTests-Prefix.pch */,
			);
			name = "Supporting Files";
			sourceTree = "<group>";
		};
/* End PBXGroup section */

/* Begin PBXNativeTarget section */
		505939E817336B2D0044A6FE /* TechTalkTest1 */ = {
			isa = PBXNativeTarget;
			buildConfigurationList = 50593A0C17336B2D0044A6FE /* Build configuration list for PBXNativeTarget "TechTalkTest1" */;
			buildPhases = (
				505939E517336B2D0044A6FE /* Sources */,
				505939E617336B2D0044A6FE /* Frameworks */,
				505939E717336B2D0044A6FE /* Resources */,
			);
			buildRules = (
			);
			dependencies = (
			);
			name = TechTalkTest1;
			productName = TechTalkTest1;
			productReference = 505939E917336B2D0044A6FE /* TechTalkTest1.app */;
			productType = "com.apple.product-type.application";
		};
		50593A131733A0310044A6FE /* TeckTalkLogicTests */ = {
			isa = PBXNativeTarget;
			buildConfigurationList = 50593A231733A0320044A6FE /* Build configuration list for PBXNativeTarget "TeckTalkLogicTests" */;
			buildPhases = (
				50593A0F1733A0310044A6FE /* Sources */,
				50593A101733A0310044A6FE /* Frameworks */,
				50593A111733A0310044A6FE /* Resources */,
				50593A121733A0310044A6FE /* ShellScript */,
			);
			buildRules = (
			);
			dependencies = (
			);
			name = TeckTalkLogicTests;
			productName = TeckTalkLogicTests;
			productReference = 50593A141733A0310044A6FE /* TeckTalkLogicTests.octest */;
			productType = "com.apple.product-type.bundle";
		};
/* End PBXNativeTarget section */

/* Begin PBXProject section */
		505939E117336B2D0044A6FE /* Project object */ = {
			isa = PBXProject;
			attributes = {
				LastUpgradeCheck = 0460;
				ORGANIZATIONNAME = andyzhang;
			};
			buildConfigurationList = 505939E417336B2D0044A6FE /* Build configuration list for PBXProject "TechTalkTest1" */;
			compatibilityVersion = "Xcode 3.2";
			developmentRegion = English;
			hasScannedForEncodings = 0;
			knownRegions = (
				en,
			);
			mainGroup = 505939E017336B2D0044A6FE;
			productRefGroup = 505939EA17336B2D0044A6FE /* Products */;
			projectDirPath = "";
			projectRoot = "";
			targets = (
				505939E817336B2D0044A6FE /* TechTalkTest1 */,
				50593A131733A0310044A6FE /* TeckTalkLogicTests */,
			);
		};
/* End PBXProject section */

/* Begin PBXResourcesBuildPhase section */
		505939E717336B2D0044A6FE /* Resources */ = {
			isa = PBXResourcesBuildPhase;
			buildActionMask = 2147483647;
			files = (
				505939F717336B2D0044A6FE /* InfoPlist.strings in Resources */,
				505939FF17336B2D0044A6FE /* Default.png in Resources */,
				50593A0117336B2D0044A6FE /* Default@2x.png in Resources */,
				50593A0317336B2D0044A6FE /* Default-568h@2x.png in Resources */,
				50593A0917336B2D0044A6FE /* ViewController.xib in Resources */,
			);
			runOnlyForDeploymentPostprocessing = 0;
		};
		50593A111733A0310044A6FE /* Resources */ = {
			isa = PBXResourcesBuildPhase;
			buildActionMask = 2147483647;
			files = (
				50593A1E1733A0320044A6FE /* InfoPlist.strings in Resources */,
			);
			runOnlyForDeploymentPostprocessing = 0;
		};
/* End PBXResourcesBuildPhase section */

/* Begin PBXShellScriptBuildPhase section */
		50593A121733A0310044A6FE /* ShellScript */ = {
			isa = PBXShellScriptBuildPhase;
			buildActionMask = 2147483647;
			files = (
			);
			inputPaths = (
			);
			outputPaths = (
			);
			runOnlyForDeploymentPostprocessing = 0;
			shellPath = /bin/sh;
			shellScript = "# Run the unit tests in this test bundle.\n\"${SYSTEM_DEVELOPER_DIR}/Tools/RunUnitTests\"\n";
		};
/* End PBXShellScriptBuildPhase section */

/* Begin PBXSourcesBuildPhase section */
		505939E517336B2D0044A6FE /* Sources */ = {
			isa = PBXSourcesBuildPhase;
			buildActionMask = 2147483647;
			files = (
				505939F917336B2D0044A6FE /* main.m in Sources */,
				505939FD17336B2D0044A6FE /* AppDelegate.m in Sources */,
				50593A0617336B2D0044A6FE /* ViewController.m in Sources */,
			);
			runOnlyForDeploymentPostprocessing = 0;
		};
		50593A0F1733A0310044A6FE /* Sources */ = {
			isa = PBXSourcesBuildPhase;
			buildActionMask = 2147483647;
			files = (
				50593A211733A0320044A6FE /* TeckTalkLogicTests.m in Sources */,
				50593A2A1733A7B50044A6FE /* MyTest.m in Sources */,
			);
			runOnlyForDeploymentPostprocessing = 0;
		};
/* End PBXSourcesBuildPhase section */

/* Begin PBXVariantGroup section */
		505939F517336B2D0044A6FE /* InfoPlist.strings */ = {
			isa = PBXVariantGroup;
			children = (
				505939F617336B2D0044A6FE /* en */,
			);
			name = InfoPlist.strings;
			sourceTree = "<group>";
		};
		50593A0717336B2D0044A6FE /* ViewController.xib */ = {
			isa = PBXVariantGroup;
			children = (
				50593A0817336B2D0044A6FE /* en */,
			);
			name = ViewController.xib;
			sourceTree = "<group>";
		};
		50593A1C1733A0320044A6FE /* InfoPlist.strings */ = {
			isa = PBXVariantGroup;
			children = (
				50593A1D1733A0320044A6FE /* en */,
			);
			name = InfoPlist.strings;
			sourceTree = "<group>";
		};
/* End PBXVariantGroup section */

/* Begin XCBuildConfiguration section */
		50593A0A17336B2D0044A6FE /* Debug */ = {
			isa = XCBuildConfiguration;
			buildSettings = {
				ALWAYS_SEARCH_USER_PATHS = NO;
				CLANG_CXX_LANGUAGE_STANDARD = "gnu++0x";
				CLANG_CXX_LIBRARY = "libc++";
				CLANG_ENABLE_OBJC_ARC = YES;
				CLANG_WARN_CONSTANT_CONVERSION = YES;
				CLANG_WARN_EMPTY_BODY = YES;
				CLANG_WARN_ENUM_CONVERSION = YES;
				CLANG_WARN_INT_CONVERSION = YES;
				CLANG_WARN__DUPLICATE_METHOD_MATCH = YES;
				"CODE_SIGN_IDENTITY[sdk=iphoneos*]" = "iPhone Developer";
				COPY_PHASE_STRIP = NO;
				GCC_C_LANGUAGE_STANDARD = gnu99;
				GCC_DYNAMIC_NO_PIC = NO;
				GCC_OPTIMIZATION_LEVEL = 0;
				GCC_PREPROCESSOR_DEFINITIONS = (
					"DEBUG=1",
					"$(inherited)",
				);
				GCC_SYMBOLS_PRIVATE_EXTERN = NO;
				GCC_WARN_ABOUT_RETURN_TYPE = YES;
				GCC_WARN_UNINITIALIZED_AUTOS = YES;
				GCC_WARN_UNUSED_VARIABLE = YES;
				IPHONEOS_DEPLOYMENT_TARGET = 6.1;
				ONLY_ACTIVE_ARCH = YES;
				SDKROOT = iphoneos;
			};
			name = Debug;
		};
		50593A0B17336B2D0044A6FE /* Release */ = {
			isa = XCBuildConfiguration;
			buildSettings = {
				ALWAYS_SEARCH_USER_PATHS = NO;
				CLANG_CXX_LANGUAGE_STANDARD = "gnu++0x";
				CLANG_CXX_LIBRARY = "libc++";
				CLANG_ENABLE_OBJC_ARC = YES;
				CLANG_WARN_CONSTANT_CONVERSION = YES;
				CLANG_WARN_EMPTY_BODY = YES;
				CLANG_WARN_ENUM_CONVERSION = YES;
				CLANG_WARN_INT_CONVERSION = YES;
				CLANG_WARN__DUPLICATE_METHOD_MATCH = YES;
				"CODE_SIGN_IDENTITY[sdk=iphoneos*]" = "iPhone Developer";
				COPY_PHASE_STRIP = YES;
				GCC_C_LANGUAGE_STANDARD = gnu99;
				GCC_WARN_ABOUT_RETURN_TYPE = YES;
				GCC_WARN_UNINITIALIZED_AUTOS = YES;
				GCC_WARN_UNUSED_VARIABLE = YES;
				IPHONEOS_DEPLOYMENT_TARGET = 6.1;
				OTHER_CFLAGS = "-DNS_BLOCK_ASSERTIONS=1";
				SDKROOT = iphoneos;
				VALIDATE_PRODUCT = YES;
			};
			name = Release;
		};
		50593A0D17336B2D0044A6FE /* Debug */ = {
			isa = XCBuildConfiguration;
			buildSettings = {
				CODE_SIGN_IDENTITY = "iPhone Developer: zixu zhang (6W42DX98N6)";
				"CODE_SIGN_IDENTITY[sdk=iphoneos*]" = "iPhone Developer: zixu zhang (6W42DX98N6)";
				GCC_PRECOMPILE_PREFIX_HEADER = YES;
				GCC_PREFIX_HEADER = "TechTalkTest1/TechTalkTest1-Prefix.pch";
				INFOPLIST_FILE = "TechTalkTest1/TechTalkTest1-Info.plist";
				PRODUCT_NAME = "$(TARGET_NAME)";
				PROVISIONING_PROFILE = "";
				"PROVISIONING_PROFILE[sdk=iphoneos*]" = "";
				WRAPPER_EXTENSION = app;
			};
			name = Debug;
		};
		50593A0E17336B2D0044A6FE /* Release */ = {
			isa = XCBuildConfiguration;
			buildSettings = {
				CODE_SIGN_IDENTITY = "iPhone Developer: zixu zhang (6W42DX98N6)";
				"CODE_SIGN_IDENTITY[sdk=iphoneos*]" = "iPhone Developer: zixu zhang (6W42DX98N6)";
				GCC_PRECOMPILE_PREFIX_HEADER = YES;
				GCC_PREFIX_HEADER = "TechTalkTest1/TechTalkTest1-Prefix.pch";
				INFOPLIST_FILE = "TechTalkTest1/TechTalkTest1-Info.plist";
				PRODUCT_NAME = "$(TARGET_NAME)";
				PROVISIONING_PROFILE = "";
				"PROVISIONING_PROFILE[sdk=iphoneos*]" = "";
				WRAPPER_EXTENSION = app;
			};
			name = Release;
		};
		50593A241733A0320044A6FE /* Debug */ = {
			isa = XCBuildConfiguration;
			buildSettings = {
				FRAMEWORK_SEARCH_PATHS = (
					"\"$(SDKROOT)/Developer/Library/Frameworks\"",
					"\"$(DEVELOPER_LIBRARY_DIR)/Frameworks\"",
				);
				GCC_PRECOMPILE_PREFIX_HEADER = YES;
				GCC_PREFIX_HEADER = "TeckTalkLogicTests/TeckTalkLogicTests-Prefix.pch";
				INFOPLIST_FILE = "TeckTalkLogicTests/TeckTalkLogicTests-Info.plist";
				PRODUCT_NAME = "$(TARGET_NAME)";
				WRAPPER_EXTENSION = octest;
			};
			name = Debug;
		};
		50593A251733A0320044A6FE /* Release */ = {
			isa = XCBuildConfiguration;
			buildSettings = {
				FRAMEWORK_SEARCH_PATHS = (
					"\"$(SDKROOT)/Developer/Library/Frameworks\"",
					"\"$(DEVELOPER_LIBRARY_DIR)/Frameworks\"",
				);
				GCC_PRECOMPILE_PREFIX_HEADER = YES;
				GCC_PREFIX_HEADER = "TeckTalkLogicTests/TeckTalkLogicTests-Prefix.pch";
				INFOPLIST_FILE = "TeckTalkLogicTests/TeckTalkLogicTests-Info.plist";
				PRODUCT_NAME = "$(TARGET_NAME)";
				WRAPPER_EXTENSION = octest;
			};
			name = Release;
		};
/* End XCBuildConfiguration section */

/* Begin XCConfigurationList section */
		505939E417336B2D0044A6FE /* Build configuration list for PBXProject "TechTalkTest1" */ = {
			isa = XCConfigurationList;
			buildConfigurations = (
				50593A0A17336B2D0044A6FE /* Debug */,
				50593A0B17336B2D0044A6FE /* Release */,
			);
			defaultConfigurationIsVisible = 0;
			defaultConfigurationName = Release;
		};
		50593A0C17336B2D0044A6FE /* Build configuration list for PBXNativeTarget "TechTalkTest1" */ = {
			isa = XCConfigurationList;
			buildConfigurations = (
				50593A0D17336B2D0044A6FE /* Debug */,
				50593A0E17336B2D0044A6FE /* Release */,
			);
			defaultConfigurationIsVisible = 0;
		};
		50593A231733A0320044A6FE /* Build configuration list for PBXNativeTarget "TeckTalkLogicTests" */ = {
			isa = XCConfigurationList;
			buildConfigurations = (
				50593A241733A0320044A6FE /* Debug */,
				50593A251733A0320044A6FE /* Release */,
			);
			defaultConfigurationIsVisible = 0;
		};
/* End XCConfigurationList section */
	};
	rootObject = 505939E117336B2D0044A6FE /* Project object */;
}
